- name: Set user lockout after 3 attempt 
  win_command: net accounts /lockoutthreshold:3
  register: userLockout
  args:
    creates: C:\userLockout.lock

- name: Create userLockout.lock 
  win_copy:
    dest: C:\userLockout.lock
    content: ""
    force: no
  when: userLockout

- name: Set lockout duration to 10 min  
  win_command: net accounts /lockoutduration:10
  register: lockduration
  args:
    creates: C:\lockduration.lock

- name: Create lockduration.lock 
  win_copy:
    dest: C:\lockduration.lock
    content: ""
    force: no
  when: lockduration

- name: Set reset the lockout timeout after 10 min
  win_command: net accounts /lockoutwindow:10
  register: lockoutwindow
  args:
    creates: C:\lockoutwindow.lock

- name: Create lockoutwindow.lock 
  win_copy:
    dest: C:\lockoutwindow.lock
    content: ""
    force: no
  when: lockoutwindow